// !$*UTF8*$!
{
	archiveVersion = 1;
	classes = {
	};
	objectVersion = 46;
	objects = {

/* Begin PBXBuildFile section */
		59A8EDFD1F29185E006F1679 /* main.cpp in Sources */ = {isa = PBXBuildFile; fileRef = 59A8EDFC1F29185E006F1679 /* main.cpp */; };
		59A8EE071F291942006F1679 /* libQuantLib.0.dylib in Frameworks */ = {isa = PBXBuildFile; fileRef = 59A8EE061F291942006F1679 /* libQuantLib.0.dylib */; };
/* End PBXBuildFile section */

/* Begin PBXCopyFilesBuildPhase section */
		59A8EDF71F29185E006F1679 /* CopyFiles */ = {
			isa = PBXCopyFilesBuildPhase;
			buildActionMask = 2147483647;
			dstPath = /usr/share/man/man1/;
			dstSubfolderSpec = 0;
			files = (
			);
			runOnlyForDeploymentPostprocessing = 1;
		};
/* End PBXCopyFilesBuildPhase section */

/* Begin PBXFileReference section */
		59A8EDF91F29185E006F1679 /* Fixed Income(coupon bearing bond) */ = {isa = PBXFileReference; explicitFileType = "compiled.mach-o.executable"; includeInIndex = 0; path = "Fixed Income(coupon bearing bond)"; sourceTree = BUILT_PRODUCTS_DIR; };
		59A8EDFC1F29185E006F1679 /* main.cpp */ = {isa = PBXFileReference; lastKnownFileType = sourcecode.cpp.cpp; path = main.cpp; sourceTree = "<group>"; };
		59A8EE041F291881006F1679 /* ql */ = {isa = PBXFileReference; lastKnownFileType = folder; name = ql; path = ../../../../usr/local/include/ql; sourceTree = "<group>"; };
		59A8EE061F291942006F1679 /* libQuantLib.0.dylib */ = {isa = PBXFileReference; lastKnownFileType = "compiled.mach-o.dylib"; name = libQuantLib.0.dylib; path = ../../../../usr/local/lib/libQuantLib.0.dylib; sourceTree = "<group>"; };
		59A8EE351F2B72A7006F1679 /* datess.h */ = {isa = PBXFileReference; lastKnownFileType = sourcecode.c.h; path = datess.h; sourceTree = "<group>"; };
/* End PBXFileReference section */

/* Begin PBXFrameworksBuildPhase section */
		59A8EDF61F29185E006F1679 /* Frameworks */ = {
			isa = PBXFrameworksBuildPhase;
			buildActionMask = 2147483647;
			files = (
				59A8EE071F291942006F1679 /* libQuantLib.0.dylib in Frameworks */,
			);
			runOnlyForDeploymentPostprocessing = 0;
		};
/* End PBXFrameworksBuildPhase section */

/* Begin PBXGroup section */
		59A8EDF01F29185E006F1679 = {
			isa = PBXGroup;
			children = (
				59A8EDFB1F29185E006F1679 /* Fixed Income(coupon bearing bond) */,
				59A8EDFA1F29185E006F1679 /* Products */,
				59A8EE031F291880006F1679 /* Frameworks */,
			);
			sourceTree = "<group>";
		};
		59A8EDFA1F29185E006F1679 /* Products */ = {
			isa = PBXGroup;
			children = (
				59A8EDF91F29185E006F1679 /* Fixed Income(coupon bearing bond) */,
			);
			name = Products;
			sourceTree = "<group>";
		};
		59A8EDFB1F29185E006F1679 /* Fixed Income(coupon bearing bond) */ = {
			isa = PBXGroup;
			children = (
				59A8EDFC1F29185E006F1679 /* main.cpp */,
				59A8EE351F2B72A7006F1679 /* datess.h */,
			);
			path = "Fixed Income(coupon bearing bond)";
			sourceTree = "<group>";
		};
		59A8EE031F291880006F1679 /* Frameworks */ = {
			isa = PBXGroup;
			children = (
				59A8EE061F291942006F1679 /* libQuantLib.0.dylib */,
				59A8EE041F291881006F1679 /* ql */,
			);
			name = Frameworks;
			sourceTree = "<group>";
		};
/* End PBXGroup section */

/* Begin PBXNativeTarget section */
		59A8EDF81F29185E006F1679 /* Fixed Income(coupon bearing bond) */ = {
			isa = PBXNativeTarget;
			buildConfigurationList = 59A8EE001F29185E006F1679 /* Build configuration list for PBXNativeTarget "Fixed Income(coupon bearing bond)" */;
			buildPhases = (
				59A8EDF51F29185E006F1679 /* Sources */,
				59A8EDF61F29185E006F1679 /* Frameworks */,
				59A8EDF71F29185E006F1679 /* CopyFiles */,
			);
			buildRules = (
			);
			dependencies = (
			);
			name = "Fixed Income(coupon bearing bond)";
			productName = "Fixed Income(coupon bearing bond)";
			productReference = 59A8EDF91F29185E006F1679 /* Fixed Income(coupon bearing bond) */;
			productType = "com.apple.product-type.tool";
		};
/* End PBXNativeTarget section */

/* Begin PBXProject section */
		59A8EDF11F29185E006F1679 /* Project object */ = {
			isa = PBXProject;
			attributes = {
				LastUpgradeCheck = 0830;
				ORGANIZATIONNAME = "kimbeom-cheol";
				TargetAttributes = {
					59A8EDF81F29185E006F1679 = {
						CreatedOnToolsVersion = 8.3.3;
						ProvisioningStyle = Automatic;
					};
				};
			};
			buildConfigurationList = 59A8EDF41F29185E006F1679 /* Build configuration list for PBXProject "Fixed Income(coupon bearing bond)" */;
			compatibilityVersion = "Xcode 3.2";
			developmentRegion = English;
			hasScannedForEncodings = 0;
			knownRegions = (
				en,
			);
			mainGroup = 59A8EDF01F29185E006F1679;
			productRefGroup = 59A8EDFA1F29185E006F1679 /* Products */;
			projectDirPath = "";
			projectRoot = "";
			targets = (
				59A8EDF81F29185E006F1679 /* Fixed Income(coupon bearing bond) */,
			);
		};
/* End PBXProject section */

/* Begin PBXSourcesBuildPhase section */
		59A8EDF51F29185E006F1679 /* Sources */ = {
			isa = PBXSourcesBuildPhase;
			buildActionMask = 2147483647;
			files = (
				59A8EDFD1F29185E006F1679 /* main.cpp in Sources */,
			);
			runOnlyForDeploymentPostprocessing = 0;
		};
/* End PBXSourcesBuildPhase section */

/* Begin XCBuildConfiguration section */
		59A8EDFE1F29185E006F1679 /* Debug */ = {
			isa = XCBuildConfiguration;
			buildSettings = {
				ALWAYS_SEARCH_USER_PATHS = NO;
				CLANG_ANALYZER_NONNULL = YES;
				CLANG_ANALYZER_NUMBER_OBJECT_CONVERSION = YES_AGGRESSIVE;
				CLANG_CXX_LANGUAGE_STANDARD = "gnu++0x";
				CLANG_CXX_LIBRARY = "libc++";
				CLANG_ENABLE_MODULES = YES;
				CLANG_ENABLE_OBJC_ARC = YES;
				CLANG_WARN_BOOL_CONVERSION = YES;
				CLANG_WARN_CONSTANT_CONVERSION = YES;
				CLANG_WARN_DIRECT_OBJC_ISA_USAGE = YES_ERROR;
				CLANG_WARN_DOCUMENTATION_COMMENTS = YES;
				CLANG_WARN_EMPTY_BODY = YES;
				CLANG_WARN_ENUM_CONVERSION = YES;
				CLANG_WARN_INFINITE_RECURSION = YES;
				CLANG_WARN_INT_CONVERSION = YES;
				CLANG_WARN_OBJC_ROOT_CLASS = YES_ERROR;
				CLANG_WARN_SUSPICIOUS_MOVE = YES;
				CLANG_WARN_UNREACHABLE_CODE = YES;
				CLANG_WARN__DUPLICATE_METHOD_MATCH = YES;
				CODE_SIGN_IDENTITY = "-";
				COPY_PHASE_STRIP = NO;
				DEBUG_INFORMATION_FORMAT = dwarf;
				ENABLE_STRICT_OBJC_MSGSEND = YES;
				ENABLE_TESTABILITY = YES;
				GCC_C_LANGUAGE_STANDARD = gnu99;
				GCC_DYNAMIC_NO_PIC = NO;
				GCC_NO_COMMON_BLOCKS = YES;
				GCC_OPTIMIZATION_LEVEL = 0;
				GCC_PREPROCESSOR_DEFINITIONS = (
					"DEBUG=1",
					"$(inherited)",
				);
				GCC_WARN_64_TO_32_BIT_CONVERSION = YES;
				GCC_WARN_ABOUT_RETURN_TYPE = YES_ERROR;
				GCC_WARN_UNDECLARED_SELECTOR = YES;
				GCC_WARN_UNINITIALIZED_AUTOS = YES_AGGRESSIVE;
				GCC_WARN_UNUSED_FUNCTION = YES;
				GCC_WARN_UNUSED_VARIABLE = YES;
				MACOSX_DEPLOYMENT_TARGET = 10.12;
				MTL_ENABLE_DEBUG_INFO = YES;
				ONLY_ACTIVE_ARCH = YES;
				SDKROOT = macosx;
			};
			name = Debug;
		};
		59A8EDFF1F29185E006F1679 /* Release */ = {
			isa = XCBuildConfiguration;
			buildSettings = {
				ALWAYS_SEARCH_USER_PATHS = NO;
				CLANG_ANALYZER_NONNULL = YES;
				CLANG_ANALYZER_NUMBER_OBJECT_CONVERSION = YES_AGGRESSIVE;
				CLANG_CXX_LANGUAGE_STANDARD = "gnu++0x";
				CLANG_CXX_LIBRARY = "libc++";
				CLANG_ENABLE_MODULES = YES;
				CLANG_ENABLE_OBJC_ARC = YES;
				CLANG_WARN_BOOL_CONVERSION = YES;
				CLANG_WARN_CONSTANT_CONVERSION = YES;
				CLANG_WARN_DIRECT_OBJC_ISA_USAGE = YES_ERROR;
				CLANG_WARN_DOCUMENTATION_COMMENTS = YES;
				CLANG_WARN_EMPTY_BODY = YES;
				CLANG_WARN_ENUM_CONVERSION = YES;
				CLANG_WARN_INFINITE_RECURSION = YES;
				CLANG_WARN_INT_CONVERSION = YES;
				CLANG_WARN_OBJC_ROOT_CLASS = YES_ERROR;
				CLANG_WARN_SUSPICIOUS_MOVE = YES;
				CLANG_WARN_UNREACHABLE_CODE = YES;
				CLANG_WARN__DUPLICATE_METHOD_MATCH = YES;
				CODE_SIGN_IDENTITY = "-";
				COPY_PHASE_STRIP = NO;
				DEBUG_INFORMATION_FORMAT = "dwarf-with-dsym";
				ENABLE_NS_ASSERTIONS = NO;
				ENABLE_STRICT_OBJC_MSGSEND = YES;
				GCC_C_LANGUAGE_STANDARD = gnu99;
				GCC_NO_COMMON_BLOCKS = YES;
				GCC_WARN_64_TO_32_BIT_CONVERSION = YES;
				GCC_WARN_ABOUT_RETURN_TYPE = YES_ERROR;
				GCC_WARN_UNDECLARED_SELECTOR = YES;
				GCC_WARN_UNINITIALIZED_AUTOS = YES_AGGRESSIVE;
				GCC_WARN_UNUSED_FUNCTION = YES;
				GCC_WARN_UNUSED_VARIABLE = YES;
				MACOSX_DEPLOYMENT_TARGET = 10.12;
				MTL_ENABLE_DEBUG_INFO = NO;
				SDKROOT = macosx;
			};
			name = Release;
		};
		59A8EE011F29185E006F1679 /* Debug */ = {
			isa = XCBuildConfiguration;
			buildSettings = {
				HEADER_SEARCH_PATHS = /usr/local/include;
				LIBRARY_SEARCH_PATHS = /usr/local/lib;
				PRODUCT_NAME = "$(TARGET_NAME)";
			};
			name = Debug;
		};
		59A8EE021F29185E006F1679 /* Release */ = {
			isa = XCBuildConfiguration;
			buildSettings = {
				HEADER_SEARCH_PATHS = /usr/local/include;
				LIBRARY_SEARCH_PATHS = /usr/local/lib;
				PRODUCT_NAME = "$(TARGET_NAME)";
			};
			name = Release;
		};
/* End XCBuildConfiguration section */

/* Begin XCConfigurationList section */
		59A8EDF41F29185E006F1679 /* Build configuration list for PBXProject "Fixed Income(coupon bearing bond)" */ = {
			isa = XCConfigurationList;
			buildConfigurations = (
				59A8EDFE1F29185E006F1679 /* Debug */,
				59A8EDFF1F29185E006F1679 /* Release */,
			);
			defaultConfigurationIsVisible = 0;
			defaultConfigurationName = Release;
		};
		59A8EE001F29185E006F1679 /* Build configuration list for PBXNativeTarget "Fixed Income(coupon bearing bond)" */ = {
			isa = XCConfigurationList;
			buildConfigurations = (
				59A8EE011F29185E006F1679 /* Debug */,
				59A8EE021F29185E006F1679 /* Release */,
			);
			defaultConfigurationIsVisible = 0;
		};
/* End XCConfigurationList section */
	};
	rootObject = 59A8EDF11F29185E006F1679 /* Project object */;
}
